{
  "version": 4,
  "terraform_version": "0.13.3",
  "serial": 2,
  "lineage": "21c2da33-544b-21ec-8431-ff2078672899",
  "outputs": {},
  "resources": [
    {
      "mode": "data",
      "type": "azurerm_client_config",
      "name": "current",
      "provider": "provider[\"registry.terraform.io/hashicorp/azurerm\"]",
      "instances": [
        {
          "schema_version": 0,
          "attributes": {
            "client_id": "04b07795-8ddb-461a-bbee-02f9e1bf7b46",
            "id": "2020-10-07 20:15:25.394133 +0000 UTC",
            "object_id": "3ed781cb-ec1b-4508-97ed-e9c60624c7fb",
            "subscription_id": "7468a875-1abc-46e4-9adc-e2d32898c2af",
            "tenant_id": "792cf792-b9f5-4467-8c98-08e2d02f913c",
            "timeouts": null
          }
        }
      ]
    },
    {
      "mode": "managed",
      "type": "azurerm_resource_group",
      "name": "rg",
      "provider": "provider[\"registry.terraform.io/hashicorp/azurerm\"]",
      "instances": [
        {
          "schema_version": 0,
          "attributes": {
            "id": "/subscriptions/7468a875-1abc-46e4-9adc-e2d32898c2af/resourceGroups/rg-playground-dev",
            "location": "eastus",
            "name": "rg-playground-dev",
            "tags": {
              "creator": "me@rvajustin.com",
              "environment": "dev",
              "owner": "me@rvajustin.com"
            },
            "timeouts": null
          },
          "private": "eyJlMmJmYjczMC1lY2FhLTExZTYtOGY4OC0zNDM2M2JjN2M0YzAiOnsiY3JlYXRlIjo1NDAwMDAwMDAwMDAwLCJkZWxldGUiOjU0MDAwMDAwMDAwMDAsInJlYWQiOjMwMDAwMDAwMDAwMCwidXBkYXRlIjo1NDAwMDAwMDAwMDAwfX0="
        }
      ]
    }
  ]
}
